
Microsoft Visual Studio Solution File, Format Version 12.00
# Visual Studio 15
Project("{FAE04EC0-301F-11D3-BF4B-00C04F79EFBC}") = "Assembly-CSharp", "Assembly-CSharp.csproj", "{4A722A90-3A16-52A6-7A2C-994F45CEAB04}"
EndProject
Global
	GlobalSection(SolutionConfigurationPlatforms) = preSolution
		Debug|Any CPU = Debug|Any CPU
		Release|Any CPU = Release|Any CPU
	EndGlobalSection
	GlobalSection(ProjectConfigurationPlatforms) = postSolution
		{4A722A90-3A16-52A6-7A2C-994F45CEAB04}.Debug|Any CPU.ActiveCfg = Debug|Any CPU
		{4A722A90-3A16-52A6-7A2C-994F45CEAB04}.Debug|Any CPU.Build.0 = Debug|Any CPU
		{4A722A90-3A16-52A6-7A2C-994F45CEAB04}.Release|Any CPU.ActiveCfg = Release|Any CPU
		{4A722A90-3A16-52A6-7A2C-994F45CEAB04}.Release|Any CPU.Build.0 = Release|Any CPU
	EndGlobalSection
	GlobalSection(SolutionProperties) = preSolution
		HideSolutionNode = FALSE
	EndGlobalSection
EndGlobal
